
Microsoft Visual Studio Solution File, Format Version 12.00
# Visual Studio Version 17
VisualStudioVersion = 17.13.35507.96 d17.13
MinimumVisualStudioVersion = 10.0.40219.1
Project("{FAE04EC0-301F-11D3-BF4B-00C04F79EFBC}") = "ConsoleAppSearchValues", "ConsoleAppSearchValues.csproj", "{088413A3-A440-4C35-A204-827299B5CCEB}"
EndProject
Global
	GlobalSection(SolutionConfigurationPlatforms) = preSolution
		Debug|Any CPU = Debug|Any CPU
		Release|Any CPU = Release|Any CPU
	EndGlobalSection
	GlobalSection(ProjectConfigurationPlatforms) = postSolution
		{088413A3-A440-4C35-A204-827299B5CCEB}.Debug|Any CPU.ActiveCfg = Debug|Any CPU
		{088413A3-A440-4C35-A204-827299B5CCEB}.Debug|Any CPU.Build.0 = Debug|Any CPU
		{088413A3-A440-4C35-A204-827299B5CCEB}.Release|Any CPU.ActiveCfg = Release|Any CPU
		{088413A3-A440-4C35-A204-827299B5CCEB}.Release|Any CPU.Build.0 = Release|Any CPU
	EndGlobalSection
	GlobalSection(SolutionProperties) = preSolution
		HideSolutionNode = FALSE
	EndGlobalSection
	GlobalSection(ExtensibilityGlobals) = postSolution
		SolutionGuid = {5AC441C6-3C11-474E-B3A5-E8A2DB7F9091}
	EndGlobalSection
EndGlobal
